// !$*UTF8*$!
{
	archiveVersion = 1;
	classes = {
	};
	objectVersion = 56;
	objects = {

/* Begin PBXBuildFile section */
		D3C0A1F92ADEF8D80065AE7A /* AppDelegate.swift in Sources */ = {isa = PBXBuildFile; fileRef = D3C0A1F82ADEF8D80065AE7A /* AppDelegate.swift */; };
		D3C0A1FB2ADEF8D80065AE7A /* SceneDelegate.swift in Sources */ = {isa = PBXBuildFile; fileRef = D3C0A1FA2ADEF8D80065AE7A /* SceneDelegate.swift */; };
		D3C0A1FD2ADEF8D80065AE7A /* ViewController.swift in Sources */ = {isa = PBXBuildFile; fileRef = D3C0A1FC2ADEF8D80065AE7A /* ViewController.swift */; };
		D3C0A2002ADEF8D80065AE7A /* Main.storyboard in Resources */ = {isa = PBXBuildFile; fileRef = D3C0A1FE2ADEF8D80065AE7A /* Main.storyboard */; };
		D3C0A2022ADEF8D90065AE7A /* Assets.xcassets in Resources */ = {isa = PBXBuildFile; fileRef = D3C0A2012ADEF8D90065AE7A /* Assets.xcassets */; };
		D3C0A2052ADEF8D90065AE7A /* LaunchScreen.storyboard in Resources */ = {isa = PBXBuildFile; fileRef = D3C0A2032ADEF8D90065AE7A /* LaunchScreen.storyboard */; };
		D3C0A20E2ADFC5490065AE7A /* FirstCollectionViewCell.swift in Sources */ = {isa = PBXBuildFile; fileRef = D3C0A20D2ADFC5490065AE7A /* FirstCollectionViewCell.swift */; };
		D3C0A2102ADFC5A60065AE7A /* Restaurant.swift in Sources */ = {isa = PBXBuildFile; fileRef = D3C0A20F2ADFC5A60065AE7A /* Restaurant.swift */; };
		D3C0A2152AE069150065AE7A /* Category.swift in Sources */ = {isa = PBXBuildFile; fileRef = D3C0A2142AE069150065AE7A /* Category.swift */; };
		D3C0A21E2AE06E850065AE7A /* ViewControllerExtension.swift in Sources */ = {isa = PBXBuildFile; fileRef = D3C0A21D2AE06E850065AE7A /* ViewControllerExtension.swift */; };
		D3C0A2202AE0700A0065AE7A /* View.swift in Sources */ = {isa = PBXBuildFile; fileRef = D3C0A21F2AE0700A0065AE7A /* View.swift */; };
		D3C0A2222AE073240065AE7A /* PopularRestaurantCell.swift in Sources */ = {isa = PBXBuildFile; fileRef = D3C0A2212AE073240065AE7A /* PopularRestaurantCell.swift */; };
		D3C0A2442AE11C650065AE7A /* PopularCollectionViewCell.swift in Sources */ = {isa = PBXBuildFile; fileRef = D3C0A2432AE11C650065AE7A /* PopularCollectionViewCell.swift */; };
		D3C0A2462AE145FB0065AE7A /* RecentTableViewCell.swift in Sources */ = {isa = PBXBuildFile; fileRef = D3C0A2452AE145FB0065AE7A /* RecentTableViewCell.swift */; };
		D3C0A2A42AE1561A0065AE7A /* CustomTabbarController.swift in Sources */ = {isa = PBXBuildFile; fileRef = D3C0A2A32AE1561A0065AE7A /* CustomTabbarController.swift */; };
/* End PBXBuildFile section */

/* Begin PBXFileReference section */
		D3C0A1F52ADEF8D80065AE7A /* MealMonkey-Tasarim.app */ = {isa = PBXFileReference; explicitFileType = wrapper.application; includeInIndex = 0; path = "MealMonkey-Tasarim.app"; sourceTree = BUILT_PRODUCTS_DIR; };
		D3C0A1F82ADEF8D80065AE7A /* AppDelegate.swift */ = {isa = PBXFileReference; lastKnownFileType = sourcecode.swift; path = AppDelegate.swift; sourceTree = "<group>"; };
		D3C0A1FA2ADEF8D80065AE7A /* SceneDelegate.swift */ = {isa = PBXFileReference; lastKnownFileType = sourcecode.swift; path = SceneDelegate.swift; sourceTree = "<group>"; };
		D3C0A1FC2ADEF8D80065AE7A /* ViewController.swift */ = {isa = PBXFileReference; lastKnownFileType = sourcecode.swift; path = ViewController.swift; sourceTree = "<group>"; };
		D3C0A1FF2ADEF8D80065AE7A /* Base */ = {isa = PBXFileReference; lastKnownFileType = file.storyboard; name = Base; path = Base.lproj/Main.storyboard; sourceTree = "<group>"; };
		D3C0A2012ADEF8D90065AE7A /* Assets.xcassets */ = {isa = PBXFileReference; lastKnownFileType = folder.assetcatalog; path = Assets.xcassets; sourceTree = "<group>"; };
		D3C0A2042ADEF8D90065AE7A /* Base */ = {isa = PBXFileReference; lastKnownFileType = file.storyboard; name = Base; path = Base.lproj/LaunchScreen.storyboard; sourceTree = "<group>"; };
		D3C0A2062ADEF8D90065AE7A /* Info.plist */ = {isa = PBXFileReference; lastKnownFileType = text.plist.xml; path = Info.plist; sourceTree = "<group>"; };
		D3C0A20D2ADFC5490065AE7A /* FirstCollectionViewCell.swift */ = {isa = PBXFileReference; lastKnownFileType = sourcecode.swift; path = FirstCollectionViewCell.swift; sourceTree = "<group>"; };
		D3C0A20F2ADFC5A60065AE7A /* Restaurant.swift */ = {isa = PBXFileReference; lastKnownFileType = sourcecode.swift; path = Restaurant.swift; sourceTree = "<group>"; };
		D3C0A2142AE069150065AE7A /* Category.swift */ = {isa = PBXFileReference; lastKnownFileType = sourcecode.swift; path = Category.swift; sourceTree = "<group>"; };
		D3C0A21D2AE06E850065AE7A /* ViewControllerExtension.swift */ = {isa = PBXFileReference; lastKnownFileType = sourcecode.swift; path = ViewControllerExtension.swift; sourceTree = "<group>"; };
		D3C0A21F2AE0700A0065AE7A /* View.swift */ = {isa = PBXFileReference; lastKnownFileType = sourcecode.swift; path = View.swift; sourceTree = "<group>"; };
		D3C0A2212AE073240065AE7A /* PopularRestaurantCell.swift */ = {isa = PBXFileReference; lastKnownFileType = sourcecode.swift; path = PopularRestaurantCell.swift; sourceTree = "<group>"; };
		D3C0A2432AE11C650065AE7A /* PopularCollectionViewCell.swift */ = {isa = PBXFileReference; lastKnownFileType = sourcecode.swift; path = PopularCollectionViewCell.swift; sourceTree = "<group>"; };
		D3C0A2452AE145FB0065AE7A /* RecentTableViewCell.swift */ = {isa = PBXFileReference; lastKnownFileType = sourcecode.swift; path = RecentTableViewCell.swift; sourceTree = "<group>"; };
		D3C0A2A32AE1561A0065AE7A /* CustomTabbarController.swift */ = {isa = PBXFileReference; lastKnownFileType = sourcecode.swift; path = CustomTabbarController.swift; sourceTree = "<group>"; };
/* End PBXFileReference section */

/* Begin PBXFrameworksBuildPhase section */
		D3C0A1F22ADEF8D80065AE7A /* Frameworks */ = {
			isa = PBXFrameworksBuildPhase;
			buildActionMask = 2147483647;
			files = (
			);
			runOnlyForDeploymentPostprocessing = 0;
		};
/* End PBXFrameworksBuildPhase section */

/* Begin PBXGroup section */
		D3C0A1EC2ADEF8D70065AE7A = {
			isa = PBXGroup;
			children = (
				D3C0A1F72ADEF8D80065AE7A /* MealMonkey-Tasarim */,
				D3C0A1F62ADEF8D80065AE7A /* Products */,
			);
			sourceTree = "<group>";
		};
		D3C0A1F62ADEF8D80065AE7A /* Products */ = {
			isa = PBXGroup;
			children = (
				D3C0A1F52ADEF8D80065AE7A /* MealMonkey-Tasarim.app */,
			);
			name = Products;
			sourceTree = "<group>";
		};
		D3C0A1F72ADEF8D80065AE7A /* MealMonkey-Tasarim */ = {
			isa = PBXGroup;
			children = (
				D3C0A2A22AE155F30065AE7A /* ViewControllers */,
				D3C0A2A12AE155D00065AE7A /* Supporting Files */,
				D3C0A21C2AE06E780065AE7A /* Extensions */,
				D3C0A2112ADFC5AE0065AE7A /* Models */,
				D3C0A20C2ADFC5320065AE7A /* Cells */,
				D3C0A2062ADEF8D90065AE7A /* Info.plist */,
			);
			path = "MealMonkey-Tasarim";
			sourceTree = "<group>";
		};
		D3C0A20C2ADFC5320065AE7A /* Cells */ = {
			isa = PBXGroup;
			children = (
				D3C0A2132ADFC5F30065AE7A /* TableViewCells */,
				D3C0A2122ADFC5E80065AE7A /* CollectionViewCells */,
			);
			path = Cells;
			sourceTree = "<group>";
		};
		D3C0A2112ADFC5AE0065AE7A /* Models */ = {
			isa = PBXGroup;
			children = (
				D3C0A20F2ADFC5A60065AE7A /* Restaurant.swift */,
				D3C0A2142AE069150065AE7A /* Category.swift */,
			);
			path = Models;
			sourceTree = "<group>";
		};
		D3C0A2122ADFC5E80065AE7A /* CollectionViewCells */ = {
			isa = PBXGroup;
			children = (
				D3C0A20D2ADFC5490065AE7A /* FirstCollectionViewCell.swift */,
				D3C0A2432AE11C650065AE7A /* PopularCollectionViewCell.swift */,
			);
			path = CollectionViewCells;
			sourceTree = "<group>";
		};
		D3C0A2132ADFC5F30065AE7A /* TableViewCells */ = {
			isa = PBXGroup;
			children = (
				D3C0A2212AE073240065AE7A /* PopularRestaurantCell.swift */,
				D3C0A2452AE145FB0065AE7A /* RecentTableViewCell.swift */,
			);
			path = TableViewCells;
			sourceTree = "<group>";
		};
		D3C0A21C2AE06E780065AE7A /* Extensions */ = {
			isa = PBXGroup;
			children = (
				D3C0A21D2AE06E850065AE7A /* ViewControllerExtension.swift */,
			);
			path = Extensions;
			sourceTree = "<group>";
		};
		D3C0A2A12AE155D00065AE7A /* Supporting Files */ = {
			isa = PBXGroup;
			children = (
				D3C0A1F82ADEF8D80065AE7A /* AppDelegate.swift */,
				D3C0A1FA2ADEF8D80065AE7A /* SceneDelegate.swift */,
				D3C0A1FE2ADEF8D80065AE7A /* Main.storyboard */,
				D3C0A2012ADEF8D90065AE7A /* Assets.xcassets */,
				D3C0A2032ADEF8D90065AE7A /* LaunchScreen.storyboard */,
			);
			path = "Supporting Files";
			sourceTree = "<group>";
		};
		D3C0A2A22AE155F30065AE7A /* ViewControllers */ = {
			isa = PBXGroup;
			children = (
				D3C0A1FC2ADEF8D80065AE7A /* ViewController.swift */,
				D3C0A21F2AE0700A0065AE7A /* View.swift */,
				D3C0A2A32AE1561A0065AE7A /* CustomTabbarController.swift */,
			);
			path = ViewControllers;
			sourceTree = "<group>";
		};
/* End PBXGroup section */

/* Begin PBXNativeTarget section */
		D3C0A1F42ADEF8D80065AE7A /* MealMonkey-Tasarim */ = {
			isa = PBXNativeTarget;
			buildConfigurationList = D3C0A2092ADEF8D90065AE7A /* Build configuration list for PBXNativeTarget "MealMonkey-Tasarim" */;
			buildPhases = (
				D3C0A1F12ADEF8D80065AE7A /* Sources */,
				D3C0A1F22ADEF8D80065AE7A /* Frameworks */,
				D3C0A1F32ADEF8D80065AE7A /* Resources */,
			);
			buildRules = (
			);
			dependencies = (
			);
			name = "MealMonkey-Tasarim";
			productName = "MealMonkey-Tasarim";
			productReference = D3C0A1F52ADEF8D80065AE7A /* MealMonkey-Tasarim.app */;
			productType = "com.apple.product-type.application";
		};
/* End PBXNativeTarget section */

/* Begin PBXProject section */
		D3C0A1ED2ADEF8D70065AE7A /* Project object */ = {
			isa = PBXProject;
			attributes = {
				BuildIndependentTargetsInParallel = 1;
				LastSwiftUpdateCheck = 1500;
				LastUpgradeCheck = 1500;
				TargetAttributes = {
					D3C0A1F42ADEF8D80065AE7A = {
						CreatedOnToolsVersion = 15.0;
					};
				};
			};
			buildConfigurationList = D3C0A1F02ADEF8D70065AE7A /* Build configuration list for PBXProject "MealMonkey-Tasarim" */;
			compatibilityVersion = "Xcode 14.0";
			developmentRegion = en;
			hasScannedForEncodings = 0;
			knownRegions = (
				en,
				Base,
			);
			mainGroup = D3C0A1EC2ADEF8D70065AE7A;
			productRefGroup = D3C0A1F62ADEF8D80065AE7A /* Products */;
			projectDirPath = "";
			projectRoot = "";
			targets = (
				D3C0A1F42ADEF8D80065AE7A /* MealMonkey-Tasarim */,
			);
		};
/* End PBXProject section */

/* Begin PBXResourcesBuildPhase section */
		D3C0A1F32ADEF8D80065AE7A /* Resources */ = {
			isa = PBXResourcesBuildPhase;
			buildActionMask = 2147483647;
			files = (
				D3C0A2052ADEF8D90065AE7A /* LaunchScreen.storyboard in Resources */,
				D3C0A2022ADEF8D90065AE7A /* Assets.xcassets in Resources */,
				D3C0A2002ADEF8D80065AE7A /* Main.storyboard in Resources */,
			);
			runOnlyForDeploymentPostprocessing = 0;
		};
/* End PBXResourcesBuildPhase section */

/* Begin PBXSourcesBuildPhase section */
		D3C0A1F12ADEF8D80065AE7A /* Sources */ = {
			isa = PBXSourcesBuildPhase;
			buildActionMask = 2147483647;
			files = (
				D3C0A2202AE0700A0065AE7A /* View.swift in Sources */,
				D3C0A2102ADFC5A60065AE7A /* Restaurant.swift in Sources */,
				D3C0A2442AE11C650065AE7A /* PopularCollectionViewCell.swift in Sources */,
				D3C0A1FD2ADEF8D80065AE7A /* ViewController.swift in Sources */,
				D3C0A21E2AE06E850065AE7A /* ViewControllerExtension.swift in Sources */,
				D3C0A1F92ADEF8D80065AE7A /* AppDelegate.swift in Sources */,
				D3C0A2462AE145FB0065AE7A /* RecentTableViewCell.swift in Sources */,
				D3C0A1FB2ADEF8D80065AE7A /* SceneDelegate.swift in Sources */,
				D3C0A20E2ADFC5490065AE7A /* FirstCollectionViewCell.swift in Sources */,
				D3C0A2222AE073240065AE7A /* PopularRestaurantCell.swift in Sources */,
				D3C0A2A42AE1561A0065AE7A /* CustomTabbarController.swift in Sources */,
				D3C0A2152AE069150065AE7A /* Category.swift in Sources */,
			);
			runOnlyForDeploymentPostprocessing = 0;
		};
/* End PBXSourcesBuildPhase section */

/* Begin PBXVariantGroup section */
		D3C0A1FE2ADEF8D80065AE7A /* Main.storyboard */ = {
			isa = PBXVariantGroup;
			children = (
				D3C0A1FF2ADEF8D80065AE7A /* Base */,
			);
			name = Main.storyboard;
			sourceTree = "<group>";
		};
		D3C0A2032ADEF8D90065AE7A /* LaunchScreen.storyboard */ = {
			isa = PBXVariantGroup;
			children = (
				D3C0A2042ADEF8D90065AE7A /* Base */,
			);
			name = LaunchScreen.storyboard;
			sourceTree = "<group>";
		};
/* End PBXVariantGroup section */

/* Begin XCBuildConfiguration section */
		D3C0A2072ADEF8D90065AE7A /* Debug */ = {
			isa = XCBuildConfiguration;
			buildSettings = {
				ALWAYS_SEARCH_USER_PATHS = NO;
				ASSETCATALOG_COMPILER_GENERATE_SWIFT_ASSET_SYMBOL_EXTENSIONS = YES;
				CLANG_ANALYZER_NONNULL = YES;
				CLANG_ANALYZER_NUMBER_OBJECT_CONVERSION = YES_AGGRESSIVE;
				CLANG_CXX_LANGUAGE_STANDARD = "gnu++20";
				CLANG_ENABLE_MODULES = YES;
				CLANG_ENABLE_OBJC_ARC = YES;
				CLANG_ENABLE_OBJC_WEAK = YES;
				CLANG_WARN_BLOCK_CAPTURE_AUTORELEASING = YES;
				CLANG_WARN_BOOL_CONVERSION = YES;
				CLANG_WARN_COMMA = YES;
				CLANG_WARN_CONSTANT_CONVERSION = YES;
				CLANG_WARN_DEPRECATED_OBJC_IMPLEMENTATIONS = YES;
				CLANG_WARN_DIRECT_OBJC_ISA_USAGE = YES_ERROR;
				CLANG_WARN_DOCUMENTATION_COMMENTS = YES;
				CLANG_WARN_EMPTY_BODY = YES;
				CLANG_WARN_ENUM_CONVERSION = YES;
				CLANG_WARN_INFINITE_RECURSION = YES;
				CLANG_WARN_INT_CONVERSION = YES;
				CLANG_WARN_NON_LITERAL_NULL_CONVERSION = YES;
				CLANG_WARN_OBJC_IMPLICIT_RETAIN_SELF = YES;
				CLANG_WARN_OBJC_LITERAL_CONVERSION = YES;
				CLANG_WARN_OBJC_ROOT_CLASS = YES_ERROR;
				CLANG_WARN_QUOTED_INCLUDE_IN_FRAMEWORK_HEADER = YES;
				CLANG_WARN_RANGE_LOOP_ANALYSIS = YES;
				CLANG_WARN_STRICT_PROTOTYPES = YES;
				CLANG_WARN_SUSPICIOUS_MOVE = YES;
				CLANG_WARN_UNGUARDED_AVAILABILITY = YES_AGGRESSIVE;
				CLANG_WARN_UNREACHABLE_CODE = YES;
				CLANG_WARN__DUPLICATE_METHOD_MATCH = YES;
				COPY_PHASE_STRIP = NO;
				DEBUG_INFORMATION_FORMAT = dwarf;
				ENABLE_STRICT_OBJC_MSGSEND = YES;
				ENABLE_TESTABILITY = YES;
				ENABLE_USER_SCRIPT_SANDBOXING = YES;
				GCC_C_LANGUAGE_STANDARD = gnu17;
				GCC_DYNAMIC_NO_PIC = NO;
				GCC_NO_COMMON_BLOCKS = YES;
				GCC_OPTIMIZATION_LEVEL = 0;
				GCC_PREPROCESSOR_DEFINITIONS = (
					"DEBUG=1",
					"$(inherited)",
				);
				GCC_WARN_64_TO_32_BIT_CONVERSION = YES;
				GCC_WARN_ABOUT_RETURN_TYPE = YES_ERROR;
				GCC_WARN_UNDECLARED_SELECTOR = YES;
				GCC_WARN_UNINITIALIZED_AUTOS = YES_AGGRESSIVE;
				GCC_WARN_UNUSED_FUNCTION = YES;
				GCC_WARN_UNUSED_VARIABLE = YES;
				IPHONEOS_DEPLOYMENT_TARGET = 17.0;
				LOCALIZATION_PREFERS_STRING_CATALOGS = YES;
				MTL_ENABLE_DEBUG_INFO = INCLUDE_SOURCE;
				MTL_FAST_MATH = YES;
				ONLY_ACTIVE_ARCH = YES;
				SDKROOT = iphoneos;
				SWIFT_ACTIVE_COMPILATION_CONDITIONS = "DEBUG $(inherited)";
				SWIFT_OPTIMIZATION_LEVEL = "-Onone";
			};
			name = Debug;
		};
		D3C0A2082ADEF8D90065AE7A /* Release */ = {
			isa = XCBuildConfiguration;
			buildSettings = {
				ALWAYS_SEARCH_USER_PATHS = NO;
				ASSETCATALOG_COMPILER_GENERATE_SWIFT_ASSET_SYMBOL_EXTENSIONS = YES;
				CLANG_ANALYZER_NONNULL = YES;
				CLANG_ANALYZER_NUMBER_OBJECT_CONVERSION = YES_AGGRESSIVE;
				CLANG_CXX_LANGUAGE_STANDARD = "gnu++20";
				CLANG_ENABLE_MODULES = YES;
				CLANG_ENABLE_OBJC_ARC = YES;
				CLANG_ENABLE_OBJC_WEAK = YES;
				CLANG_WARN_BLOCK_CAPTURE_AUTORELEASING = YES;
				CLANG_WARN_BOOL_CONVERSION = YES;
				CLANG_WARN_COMMA = YES;
				CLANG_WARN_CONSTANT_CONVERSION = YES;
				CLANG_WARN_DEPRECATED_OBJC_IMPLEMENTATIONS = YES;
				CLANG_WARN_DIRECT_OBJC_ISA_USAGE = YES_ERROR;
				CLANG_WARN_DOCUMENTATION_COMMENTS = YES;
				CLANG_WARN_EMPTY_BODY = YES;
				CLANG_WARN_ENUM_CONVERSION = YES;
				CLANG_WARN_INFINITE_RECURSION = YES;
				CLANG_WARN_INT_CONVERSION = YES;
				CLANG_WARN_NON_LITERAL_NULL_CONVERSION = YES;
				CLANG_WARN_OBJC_IMPLICIT_RETAIN_SELF = YES;
				CLANG_WARN_OBJC_LITERAL_CONVERSION = YES;
				CLANG_WARN_OBJC_ROOT_CLASS = YES_ERROR;
				CLANG_WARN_QUOTED_INCLUDE_IN_FRAMEWORK_HEADER = YES;
				CLANG_WARN_RANGE_LOOP_ANALYSIS = YES;
				CLANG_WARN_STRICT_PROTOTYPES = YES;
				CLANG_WARN_SUSPICIOUS_MOVE = YES;
				CLANG_WARN_UNGUARDED_AVAILABILITY = YES_AGGRESSIVE;
				CLANG_WARN_UNREACHABLE_CODE = YES;
				CLANG_WARN__DUPLICATE_METHOD_MATCH = YES;
				COPY_PHASE_STRIP = NO;
				DEBUG_INFORMATION_FORMAT = "dwarf-with-dsym";
				ENABLE_NS_ASSERTIONS = NO;
				ENABLE_STRICT_OBJC_MSGSEND = YES;
				ENABLE_USER_SCRIPT_SANDBOXING = YES;
				GCC_C_LANGUAGE_STANDARD = gnu17;
				GCC_NO_COMMON_BLOCKS = YES;
				GCC_WARN_64_TO_32_BIT_CONVERSION = YES;
				GCC_WARN_ABOUT_RETURN_TYPE = YES_ERROR;
				GCC_WARN_UNDECLARED_SELECTOR = YES;
				GCC_WARN_UNINITIALIZED_AUTOS = YES_AGGRESSIVE;
				GCC_WARN_UNUSED_FUNCTION = YES;
				GCC_WARN_UNUSED_VARIABLE = YES;
				IPHONEOS_DEPLOYMENT_TARGET = 17.0;
				LOCALIZATION_PREFERS_STRING_CATALOGS = YES;
				MTL_ENABLE_DEBUG_INFO = NO;
				MTL_FAST_MATH = YES;
				SDKROOT = iphoneos;
				SWIFT_COMPILATION_MODE = wholemodule;
				VALIDATE_PRODUCT = YES;
			};
			name = Release;
		};
		D3C0A20A2ADEF8D90065AE7A /* Debug */ = {
			isa = XCBuildConfiguration;
			buildSettings = {
				ASSETCATALOG_COMPILER_APPICON_NAME = AppIcon;
				ASSETCATALOG_COMPILER_GLOBAL_ACCENT_COLOR_NAME = AccentColor;
				CODE_SIGN_STYLE = Automatic;
				CURRENT_PROJECT_VERSION = 1;
				DEVELOPMENT_TEAM = 8TRXM8F5W6;
				GENERATE_INFOPLIST_FILE = YES;
				INFOPLIST_FILE = "MealMonkey-Tasarim/Info.plist";
				INFOPLIST_KEY_UIApplicationSupportsIndirectInputEvents = YES;
				INFOPLIST_KEY_UILaunchStoryboardName = LaunchScreen;
				INFOPLIST_KEY_UISupportedInterfaceOrientations_iPad = "UIInterfaceOrientationPortrait UIInterfaceOrientationPortraitUpsideDown UIInterfaceOrientationLandscapeLeft UIInterfaceOrientationLandscapeRight";
				INFOPLIST_KEY_UISupportedInterfaceOrientations_iPhone = "UIInterfaceOrientationPortrait UIInterfaceOrientationLandscapeLeft UIInterfaceOrientationLandscapeRight";
				LD_RUNPATH_SEARCH_PATHS = (
					"$(inherited)",
					"@executable_path/Frameworks",
				);
				MARKETING_VERSION = 1.0;
				PRODUCT_BUNDLE_IDENTIFIER = "com.mehmetkaan.MealMonkey-Tasarim";
				PRODUCT_NAME = "$(TARGET_NAME)";
				SWIFT_EMIT_LOC_STRINGS = YES;
				SWIFT_VERSION = 5.0;
				TARGETED_DEVICE_FAMILY = "1,2";
			};
			name = Debug;
		};
		D3C0A20B2ADEF8D90065AE7A /* Release */ = {
			isa = XCBuildConfiguration;
			buildSettings = {
				ASSETCATALOG_COMPILER_APPICON_NAME = AppIcon;
				ASSETCATALOG_COMPILER_GLOBAL_ACCENT_COLOR_NAME = AccentColor;
				CODE_SIGN_STYLE = Automatic;
				CURRENT_PROJECT_VERSION = 1;
				DEVELOPMENT_TEAM = 8TRXM8F5W6;
				GENERATE_INFOPLIST_FILE = YES;
				INFOPLIST_FILE = "MealMonkey-Tasarim/Info.plist";
				INFOPLIST_KEY_UIApplicationSupportsIndirectInputEvents = YES;
				INFOPLIST_KEY_UILaunchStoryboardName = LaunchScreen;
				INFOPLIST_KEY_UISupportedInterfaceOrientations_iPad = "UIInterfaceOrientationPortrait UIInterfaceOrientationPortraitUpsideDown UIInterfaceOrientationLandscapeLeft UIInterfaceOrientationLandscapeRight";
				INFOPLIST_KEY_UISupportedInterfaceOrientations_iPhone = "UIInterfaceOrientationPortrait UIInterfaceOrientationLandscapeLeft UIInterfaceOrientationLandscapeRight";
				LD_RUNPATH_SEARCH_PATHS = (
					"$(inherited)",
					"@executable_path/Frameworks",
				);
				MARKETING_VERSION = 1.0;
				PRODUCT_BUNDLE_IDENTIFIER = "com.mehmetkaan.MealMonkey-Tasarim";
				PRODUCT_NAME = "$(TARGET_NAME)";
				SWIFT_EMIT_LOC_STRINGS = YES;
				SWIFT_VERSION = 5.0;
				TARGETED_DEVICE_FAMILY = "1,2";
			};
			name = Release;
		};
/* End XCBuildConfiguration section */

/* Begin XCConfigurationList section */
		D3C0A1F02ADEF8D70065AE7A /* Build configuration list for PBXProject "MealMonkey-Tasarim" */ = {
			isa = XCConfigurationList;
			buildConfigurations = (
				D3C0A2072ADEF8D90065AE7A /* Debug */,
				D3C0A2082ADEF8D90065AE7A /* Release */,
			);
			defaultConfigurationIsVisible = 0;
			defaultConfigurationName = Release;
		};
		D3C0A2092ADEF8D90065AE7A /* Build configuration list for PBXNativeTarget "MealMonkey-Tasarim" */ = {
			isa = XCConfigurationList;
			buildConfigurations = (
				D3C0A20A2ADEF8D90065AE7A /* Debug */,
				D3C0A20B2ADEF8D90065AE7A /* Release */,
			);
			defaultConfigurationIsVisible = 0;
			defaultConfigurationName = Release;
		};
/* End XCConfigurationList section */
	};
	rootObject = D3C0A1ED2ADEF8D70065AE7A /* Project object */;
}
